
Microsoft Visual Studio Solution File, Format Version 12.00
# Visual Studio Version 17
VisualStudioVersion = 17.8.34322.80
MinimumVisualStudioVersion = 10.0.40219.1
Project("{9A19103F-16F7-4668-BE54-9A1E7A4F7556}") = "HospitalApp", "HospitalApp.csproj", "{6363E946-BF92-47BD-8D3F-07F5DE27D70F}"
EndProject
Project("{9A19103F-16F7-4668-BE54-9A1E7A4F7556}") = "HospitalApp.Data", "..\HospitalApp.Data\HospitalApp.Data.csproj", "{3873FAE5-8A56-42C2-9ABE-AEC731F4AF45}"
EndProject
Project("{9A19103F-16F7-4668-BE54-9A1E7A4F7556}") = "HospitalApp.Model", "..\HospitalApp.Model\HospitalApp.Model.csproj", "{60142E9F-8164-4265-A833-987A917E7802}"
EndProject
Global
	GlobalSection(SolutionConfigurationPlatforms) = preSolution
		Debug|Any CPU = Debug|Any CPU
		Release|Any CPU = Release|Any CPU
	EndGlobalSection
	GlobalSection(ProjectConfigurationPlatforms) = postSolution
		{6363E946-BF92-47BD-8D3F-07F5DE27D70F}.Debug|Any CPU.ActiveCfg = Debug|Any CPU
		{6363E946-BF92-47BD-8D3F-07F5DE27D70F}.Debug|Any CPU.Build.0 = Debug|Any CPU
		{6363E946-BF92-47BD-8D3F-07F5DE27D70F}.Release|Any CPU.ActiveCfg = Release|Any CPU
		{6363E946-BF92-47BD-8D3F-07F5DE27D70F}.Release|Any CPU.Build.0 = Release|Any CPU
		{3873FAE5-8A56-42C2-9ABE-AEC731F4AF45}.Debug|Any CPU.ActiveCfg = Debug|Any CPU
		{3873FAE5-8A56-42C2-9ABE-AEC731F4AF45}.Debug|Any CPU.Build.0 = Debug|Any CPU
		{3873FAE5-8A56-42C2-9ABE-AEC731F4AF45}.Release|Any CPU.ActiveCfg = Release|Any CPU
		{3873FAE5-8A56-42C2-9ABE-AEC731F4AF45}.Release|Any CPU.Build.0 = Release|Any CPU
		{60142E9F-8164-4265-A833-987A917E7802}.Debug|Any CPU.ActiveCfg = Debug|Any CPU
		{60142E9F-8164-4265-A833-987A917E7802}.Debug|Any CPU.Build.0 = Debug|Any CPU
		{60142E9F-8164-4265-A833-987A917E7802}.Release|Any CPU.ActiveCfg = Release|Any CPU
		{60142E9F-8164-4265-A833-987A917E7802}.Release|Any CPU.Build.0 = Release|Any CPU
	EndGlobalSection
	GlobalSection(SolutionProperties) = preSolution
		HideSolutionNode = FALSE
	EndGlobalSection
	GlobalSection(ExtensibilityGlobals) = postSolution
		SolutionGuid = {B5E052E5-01C5-49F3-9A3C-5DA2BCEEA3AF}
	EndGlobalSection
EndGlobal
